
Microsoft Visual Studio Solution File, Format Version 12.00
# Visual Studio Version 16
VisualStudioVersion = 16.0.28803.352
MinimumVisualStudioVersion = 10.0.40219.1
Project("{FAE04EC0-301F-11D3-BF4B-00C04F79EFBC}") = "Weatherapp", "Weatherapp.csproj", "{2E366BFA-777B-4DE4-B9A1-AA62C86A5D62}"
EndProject
Global
	GlobalSection(SolutionConfigurationPlatforms) = preSolution
		Debug|Any CPU = Debug|Any CPU
		Release|Any CPU = Release|Any CPU
	EndGlobalSection
	GlobalSection(ProjectConfigurationPlatforms) = postSolution
		{2E366BFA-777B-4DE4-B9A1-AA62C86A5D62}.Debug|Any CPU.ActiveCfg = Debug|Any CPU
		{2E366BFA-777B-4DE4-B9A1-AA62C86A5D62}.Debug|Any CPU.Build.0 = Debug|Any CPU
		{2E366BFA-777B-4DE4-B9A1-AA62C86A5D62}.Release|Any CPU.ActiveCfg = Release|Any CPU
		{2E366BFA-777B-4DE4-B9A1-AA62C86A5D62}.Release|Any CPU.Build.0 = Release|Any CPU
	EndGlobalSection
	GlobalSection(SolutionProperties) = preSolution
		HideSolutionNode = FALSE
	EndGlobalSection
	GlobalSection(ExtensibilityGlobals) = postSolution
		SolutionGuid = {35E9228E-5F2B-4090-84FE-6AD5770D1C08}
	EndGlobalSection
EndGlobal
